
Microsoft Visual Studio Solution File, Format Version 12.00
# Visual Studio Version 17
VisualStudioVersion = 17.7.34018.315
MinimumVisualStudioVersion = 10.0.40219.1
Project("{FAE04EC0-301F-11D3-BF4B-00C04F79EFBC}") = "FormlarArasiGecis", "FormlarArasiGecis.csproj", "{94D3A71B-B20C-4BCF-AF95-9C1848B2761E}"
EndProject
Global
	GlobalSection(SolutionConfigurationPlatforms) = preSolution
		Debug|Any CPU = Debug|Any CPU
		Release|Any CPU = Release|Any CPU
	EndGlobalSection
	GlobalSection(ProjectConfigurationPlatforms) = postSolution
		{94D3A71B-B20C-4BCF-AF95-9C1848B2761E}.Debug|Any CPU.ActiveCfg = Debug|Any CPU
		{94D3A71B-B20C-4BCF-AF95-9C1848B2761E}.Debug|Any CPU.Build.0 = Debug|Any CPU
		{94D3A71B-B20C-4BCF-AF95-9C1848B2761E}.Release|Any CPU.ActiveCfg = Release|Any CPU
		{94D3A71B-B20C-4BCF-AF95-9C1848B2761E}.Release|Any CPU.Build.0 = Release|Any CPU
	EndGlobalSection
	GlobalSection(SolutionProperties) = preSolution
		HideSolutionNode = FALSE
	EndGlobalSection
	GlobalSection(ExtensibilityGlobals) = postSolution
		SolutionGuid = {8280A800-D63D-45A9-B5B0-779225DD48C4}
	EndGlobalSection
EndGlobal
